# This is a Gradle generated file for dependency locking.
# Manual edits can break the build and are not advised.
# This file is expected to be part of source control.
# To regenerate this file, run: ./gradlew :app:dependencies --write-locks
androidx.activity:activity-compose:1.13.0=debugCompileClasspath,debugRuntimeClasspath,debugUnitTestCompileClasspath,debugUnitTestRuntimeClasspath
androidx.activity:activity-ktx:1.13.0=debugCompileClasspath,debugRuntimeClasspath,debugUnitTestCompileClasspath,debugUnitTestRuntimeClasspath
androidx.activity:activity:1.13.0=debugCompileClasspath,debugRuntimeClasspath,debugUnitTestCompileClasspath,debugUnitTestRuntimeClasspath
androidx.annotation:annotation-experimental:1.4.1=debugCompileClasspath,debugUnitTestCompileClasspath
androidx.annotation:annotation-experimental:1.5.0=debugRuntimeClasspath,debugUnitTestRuntimeClasspath
androidx.annotation:annotation-jvm:1.10.0=debugRuntimeClasspath,debugUnitTestRuntimeClasspath
androidx.annotation:annotation-jvm:1.9.1=_agp_internal_debug_kspClasspath,debugCompileClasspath,debugUnitTestCompileClasspath,hiltAnnotationProcessorDebug,kspDebugKotlinProcessorClasspath
androidx.annotation:annotation:1.10.0=debugRuntimeClasspath,debugUnitTestRuntimeClasspath
androidx.annotation:annotation:1.9.1=_agp_internal_debug_kspClasspath,debugCompileClasspath,debugUnitTestCompileClasspath,hiltAnnotationProcessorDebug,kspDebugKotlinProcessorClasspath
androidx.appcompat:appcompat-resources:1.6.1=debugRuntimeClasspath,debugUnitTestRuntimeClasspath
androidx.arch.core:core-common:2.2.0=debugCompileClasspath,debugRuntimeClasspath,debugUnitTestCompileClasspath,debugUnitTestRuntimeClasspath
androidx.arch.core:core-runtime:2.2.0=debugCompileClasspath,debugRuntimeClasspath,debugUnitTestCompileClasspath,debugUnitTestRuntimeClasspath
androidx.autofill:autofill:1.0.0=debugRuntimeClasspath,debugUnitTestRuntimeClasspath
androidx.collection:collection-jvm:1.5.0=debugCompileClasspath,debugRuntimeClasspath,debugUnitTestCompileClasspath,debugUnitTestRuntimeClasspath
androidx.collection:collection-ktx:1.5.0=debugRuntimeClasspath,debugUnitTestRuntimeClasspath
androidx.collection:collection:1.5.0=debugCompileClasspath,debugRuntimeClasspath,debugUnitTestCompileClasspath,debugUnitTestRuntimeClasspath
androidx.compose.animation:animation-android:1.12.1=debugCompileClasspath,debugRuntimeClasspath,debugUnitTestCompileClasspath,debugUnitTestRuntimeClasspath
androidx.compose.animation:animation-core-android:1.12.1=debugCompileClasspath,debugRuntimeClasspath,debugUnitTestCompileClasspath,debugUnitTestRuntimeClasspath
androidx.compose.animation:animation-core:1.12.1=debugCompileClasspath,debugRuntimeClasspath,debugUnitTestCompileClasspath,debugUnitTestRuntimeClasspath
androidx.compose.animation:animation:1.12.1=debugCompileClasspath,debugRuntimeClasspath,debugUnitTestCompileClasspath,debugUnitTestRuntimeClasspath
androidx.compose.foundation:foundation-android:1.12.1=debugCompileClasspath,debugRuntimeClasspath,debugUnitTestCompileClasspath,debugUnitTestRuntimeClasspath
androidx.compose.foundation:foundation-layout-android:1.12.1=debugCompileClasspath,debugRuntimeClasspath,debugUnitTestCompileClasspath,debugUnitTestRuntimeClasspath
androidx.compose.foundation:foundation-layout:1.12.1=debugCompileClasspath,debugRuntimeClasspath,debugUnitTestCompileClasspath,debugUnitTestRuntimeClasspath
androidx.compose.foundation:foundation:1.12.1=debugCompileClasspath,debugRuntimeClasspath,debugUnitTestCompileClasspath,debugUnitTestRuntimeClasspath
androidx.compose.material3:material3-android:1.4.0=debugCompileClasspath,debugRuntimeClasspath,debugUnitTestCompileClasspath,debugUnitTestRuntimeClasspath
androidx.compose.material3:material3:1.4.0=debugCompileClasspath,debugRuntimeClasspath,debugUnitTestCompileClasspath,debugUnitTestRuntimeClasspath
androidx.compose.material:material-ripple-android:1.12.1=debugCompileClasspath,debugRuntimeClasspath,debugUnitTestCompileClasspath,debugUnitTestRuntimeClasspath
androidx.compose.material:material-ripple:1.12.1=debugCompileClasspath,debugRuntimeClasspath,debugUnitTestCompileClasspath,debugUnitTestRuntimeClasspath
androidx.compose.runtime:runtime-android:1.12.1=debugCompileClasspath,debugRuntimeClasspath,debugUnitTestCompileClasspath,debugUnitTestRuntimeClasspath
androidx.compose.runtime:runtime-annotation-android:1.12.1=debugCompileClasspath,debugRuntimeClasspath,debugUnitTestCompileClasspath,debugUnitTestRuntimeClasspath
androidx.compose.runtime:runtime-annotation:1.12.1=debugCompileClasspath,debugRuntimeClasspath,debugUnitTestCompileClasspath,debugUnitTestRuntimeClasspath
androidx.compose.runtime:runtime-retain-android:1.12.1=debugCompileClasspath,debugRuntimeClasspath,debugUnitTestCompileClasspath,debugUnitTestRuntimeClasspath
androidx.compose.runtime:runtime-retain:1.12.1=debugCompileClasspath,debugRuntimeClasspath,debugUnitTestCompileClasspath,debugUnitTestRuntimeClasspath
androidx.compose.runtime:runtime-saveable-android:1.12.1=debugCompileClasspath,debugRuntimeClasspath,debugUnitTestCompileClasspath,debugUnitTestRuntimeClasspath
androidx.compose.runtime:runtime-saveable:1.12.1=debugCompileClasspath,debugRuntimeClasspath,debugUnitTestCompileClasspath,debugUnitTestRuntimeClasspath
androidx.compose.runtime:runtime:1.12.1=debugCompileClasspath,debugRuntimeClasspath,debugUnitTestCompileClasspath,debugUnitTestRuntimeClasspath
androidx.compose.ui:ui-android:1.12.1=debugCompileClasspath,debugRuntimeClasspath,debugUnitTestCompileClasspath,debugUnitTestRuntimeClasspath
androidx.compose.ui:ui-geometry-android:1.12.1=debugCompileClasspath,debugRuntimeClasspath,debugUnitTestCompileClasspath,debugUnitTestRuntimeClasspath
androidx.compose.ui:ui-geometry:1.12.1=debugCompileClasspath,debugRuntimeClasspath,debugUnitTestCompileClasspath,debugUnitTestRuntimeClasspath
androidx.compose.ui:ui-graphics-android:1.12.1=debugCompileClasspath,debugRuntimeClasspath,debugUnitTestCompileClasspath,debugUnitTestRuntimeClasspath
androidx.compose.ui:ui-graphics:1.12.1=debugCompileClasspath,debugRuntimeClasspath,debugUnitTestCompileClasspath,debugUnitTestRuntimeClasspath
androidx.compose.ui:ui-text-android:1.12.1=debugCompileClasspath,debugRuntimeClasspath,debugUnitTestCompileClasspath,debugUnitTestRuntimeClasspath
androidx.compose.ui:ui-text:1.12.1=debugCompileClasspath,debugRuntimeClasspath,debugUnitTestCompileClasspath,debugUnitTestRuntimeClasspath
androidx.compose.ui:ui-tooling-android:1.12.1=debugCompileClasspath,debugRuntimeClasspath,debugUnitTestCompileClasspath,debugUnitTestRuntimeClasspath
androidx.compose.ui:ui-tooling-data-android:1.12.1=debugCompileClasspath,debugRuntimeClasspath,debugUnitTestCompileClasspath,debugUnitTestRuntimeClasspath
androidx.compose.ui:ui-tooling-data:1.12.1=debugCompileClasspath,debugRuntimeClasspath,debugUnitTestCompileClasspath,debugUnitTestRuntimeClasspath
androidx.compose.ui:ui-tooling-preview-android:1.12.1=debugCompileClasspath,debugRuntimeClasspath,debugUnitTestCompileClasspath,debugUnitTestRuntimeClasspath
androidx.compose.ui:ui-tooling-preview:1.12.1=debugCompileClasspath,debugRuntimeClasspath,debugUnitTestCompileClasspath,debugUnitTestRuntimeClasspath
androidx.compose.ui:ui-tooling:1.12.1=debugCompileClasspath,debugRuntimeClasspath,debugUnitTestCompileClasspath,debugUnitTestRuntimeClasspath
androidx.compose.ui:ui-unit-android:1.12.1=debugCompileClasspath,debugRuntimeClasspath,debugUnitTestCompileClasspath,debugUnitTestRuntimeClasspath
androidx.compose.ui:ui-unit:1.12.1=debugCompileClasspath,debugRuntimeClasspath,debugUnitTestCompileClasspath,debugUnitTestRuntimeClasspath
androidx.compose.ui:ui-util-android:1.12.1=debugCompileClasspath,debugRuntimeClasspath,debugUnitTestCompileClasspath,debugUnitTestRuntimeClasspath
androidx.compose.ui:ui-util:1.12.1=debugCompileClasspath,debugRuntimeClasspath,debugUnitTestCompileClasspath,debugUnitTestRuntimeClasspath
androidx.compose.ui:ui:1.12.1=debugCompileClasspath,debugRuntimeClasspath,debugUnitTestCompileClasspath,debugUnitTestRuntimeClasspath
androidx.compose:compose-bom:2026.09.00=debugCompileClasspath,debugRuntimeClasspath,debugUnitTestCompileClasspath,debugUnitTestRuntimeClasspath
androidx.concurrent:concurrent-futures-ktx:1.1.0=debugRuntimeClasspath
androidx.concurrent:concurrent-futures-ktx:1.2.0=debugUnitTestCompileClasspath,debugUnitTestRuntimeClasspath
androidx.concurrent:concurrent-futures:1.1.0=debugRuntimeClasspath
androidx.concurrent:concurrent-futures:1.2.0=debugUnitTestCompileClasspath,debugUnitTestRuntimeClasspath
androidx.core:core-ktx:1.18.0=debugCompileClasspath,debugRuntimeClasspath,debugUnitTestCompileClasspath,debugUnitTestRuntimeClasspath
androidx.core:core-viewtree:1.0.0=debugCompileClasspath,debugRuntimeClasspath,debugUnitTestCompileClasspath,debugUnitTestRuntimeClasspath
androidx.core:core:1.18.0=debugCompileClasspath,debugRuntimeClasspath,debugUnitTestCompileClasspath,debugUnitTestRuntimeClasspath
androidx.customview:customview-poolingcontainer:1.0.0=debugRuntimeClasspath,debugUnitTestRuntimeClasspath
androidx.customview:customview:1.0.0=debugCompileClasspath,debugRuntimeClasspath,debugUnitTestCompileClasspath,debugUnitTestRuntimeClasspath
androidx.emoji2:emoji2:1.4.0=debugRuntimeClasspath,debugUnitTestRuntimeClasspath
androidx.exifinterface:exifinterface:1.3.7=debugRuntimeClasspath,debugUnitTestRuntimeClasspath
androidx.fragment:fragment:1.5.1=debugCompileClasspath,debugRuntimeClasspath,debugUnitTestCompileClasspath,debugUnitTestRuntimeClasspath
androidx.graphics:graphics-path:1.0.1=debugRuntimeClasspath,debugUnitTestRuntimeClasspath
androidx.interpolator:interpolator:1.0.0=debugRuntimeClasspath,debugUnitTestRuntimeClasspath
androidx.lifecycle:lifecycle-common-java8:2.11.0=debugRuntimeClasspath,debugUnitTestRuntimeClasspath
androidx.lifecycle:lifecycle-common-jvm:2.11.0=debugCompileClasspath,debugRuntimeClasspath,debugUnitTestCompileClasspath,debugUnitTestRuntimeClasspath
androidx.lifecycle:lifecycle-common:2.11.0=debugCompileClasspath,debugRuntimeClasspath,debugUnitTestCompileClasspath,debugUnitTestRuntimeClasspath
androidx.lifecycle:lifecycle-livedata-core-ktx:2.11.0=debugCompileClasspath,debugRuntimeClasspath,debugUnitTestCompileClasspath,debugUnitTestRuntimeClasspath
androidx.lifecycle:lifecycle-livedata-core:2.11.0=debugCompileClasspath,debugRuntimeClasspath,debugUnitTestCompileClasspath,debugUnitTestRuntimeClasspath
androidx.lifecycle:lifecycle-livedata:2.11.0=debugCompileClasspath,debugRuntimeClasspath,debugUnitTestCompileClasspath,debugUnitTestRuntimeClasspath
androidx.lifecycle:lifecycle-process:2.11.0=debugRuntimeClasspath,debugUnitTestRuntimeClasspath
androidx.lifecycle:lifecycle-runtime-android:2.11.0=debugCompileClasspath,debugRuntimeClasspath,debugUnitTestCompileClasspath,debugUnitTestRuntimeClasspath
androidx.lifecycle:lifecycle-runtime-compose-android:2.11.0=debugCompileClasspath,debugRuntimeClasspath,debugUnitTestCompileClasspath,debugUnitTestRuntimeClasspath
androidx.lifecycle:lifecycle-runtime-compose:2.11.0=debugCompileClasspath,debugRuntimeClasspath,debugUnitTestCompileClasspath,debugUnitTestRuntimeClasspath
androidx.lifecycle:lifecycle-runtime-ktx-android:2.11.0=debugCompileClasspath,debugRuntimeClasspath,debugUnitTestCompileClasspath,debugUnitTestRuntimeClasspath
androidx.lifecycle:lifecycle-runtime-ktx:2.11.0=debugCompileClasspath,debugRuntimeClasspath,debugUnitTestCompileClasspath,debugUnitTestRuntimeClasspath
androidx.lifecycle:lifecycle-runtime:2.11.0=debugCompileClasspath,debugRuntimeClasspath,debugUnitTestCompileClasspath,debugUnitTestRuntimeClasspath
androidx.lifecycle:lifecycle-service:2.11.0=debugRuntimeClasspath,debugUnitTestRuntimeClasspath
androidx.lifecycle:lifecycle-viewmodel-android:2.11.0=debugCompileClasspath,debugRuntimeClasspath,debugUnitTestCompileClasspath,debugUnitTestRuntimeClasspath
androidx.lifecycle:lifecycle-viewmodel-compose-android:2.11.0=debugCompileClasspath,debugRuntimeClasspath,debugUnitTestCompileClasspath,debugUnitTestRuntimeClasspath
androidx.lifecycle:lifecycle-viewmodel-compose:2.11.0=debugCompileClasspath,debugRuntimeClasspath,debugUnitTestCompileClasspath,debugUnitTestRuntimeClasspath
androidx.lifecycle:lifecycle-viewmodel-ktx:2.11.0=debugCompileClasspath,debugRuntimeClasspath,debugUnitTestCompileClasspath,debugUnitTestRuntimeClasspath
androidx.lifecycle:lifecycle-viewmodel-savedstate-android:2.11.0=debugCompileClasspath,debugRuntimeClasspath,debugUnitTestCompileClasspath,debugUnitTestRuntimeClasspath
androidx.lifecycle:lifecycle-viewmodel-savedstate:2.11.0=debugCompileClasspath,debugRuntimeClasspath,debugUnitTestCompileClasspath,debugUnitTestRuntimeClasspath
androidx.lifecycle:lifecycle-viewmodel:2.11.0=debugCompileClasspath,debugRuntimeClasspath,debugUnitTestCompileClasspath,debugUnitTestRuntimeClasspath
androidx.loader:loader:1.0.0=debugCompileClasspath,debugRuntimeClasspath,debugUnitTestCompileClasspath,debugUnitTestRuntimeClasspath
androidx.navigation:navigation-common-android:2.10.1=debugCompileClasspath,debugRuntimeClasspath,debugUnitTestCompileClasspath,debugUnitTestRuntimeClasspath
androidx.navigation:navigation-common:2.10.1=debugCompileClasspath,debugRuntimeClasspath,debugUnitTestCompileClasspath,debugUnitTestRuntimeClasspath
androidx.navigation:navigation-compose-android:2.10.1=debugCompileClasspath,debugRuntimeClasspath,debugUnitTestCompileClasspath,debugUnitTestRuntimeClasspath
androidx.navigation:navigation-compose:2.10.1=debugCompileClasspath,debugRuntimeClasspath,debugUnitTestCompileClasspath,debugUnitTestRuntimeClasspath
androidx.navigation:navigation-runtime-android:2.10.1=debugCompileClasspath,debugRuntimeClasspath,debugUnitTestCompileClasspath,debugUnitTestRuntimeClasspath
androidx.navigation:navigation-runtime:2.10.1=debugCompileClasspath,debugRuntimeClasspath,debugUnitTestCompileClasspath,debugUnitTestRuntimeClasspath
androidx.navigationevent:navigationevent-android:1.0.0=debugCompileClasspath,debugUnitTestCompileClasspath
androidx.navigationevent:navigationevent-android:1.1.2=debugRuntimeClasspath,debugUnitTestRuntimeClasspath
androidx.navigationevent:navigationevent-compose-android:1.0.0=debugCompileClasspath,debugUnitTestCompileClasspath
androidx.navigationevent:navigationevent-compose-android:1.1.2=debugRuntimeClasspath,debugUnitTestRuntimeClasspath
androidx.navigationevent:navigationevent-compose:1.0.0=debugCompileClasspath,debugUnitTestCompileClasspath
androidx.navigationevent:navigationevent-compose:1.1.2=debugRuntimeClasspath,debugUnitTestRuntimeClasspath
androidx.navigationevent:navigationevent:1.0.0=debugCompileClasspath,debugUnitTestCompileClasspath
androidx.navigationevent:navigationevent:1.1.2=debugRuntimeClasspath,debugUnitTestRuntimeClasspath
androidx.profileinstaller:profileinstaller:1.4.0=debugRuntimeClasspath,debugUnitTestRuntimeClasspath
androidx.room:room-common-jvm:2.8.5=_agp_internal_debug_kspClasspath,debugCompileClasspath,debugRuntimeClasspath,debugUnitTestCompileClasspath,debugUnitTestRuntimeClasspath,hiltAnnotationProcessorDebug,kspDebugKotlinProcessorClasspath
androidx.room:room-common:2.8.5=_agp_internal_debug_kspClasspath,debugCompileClasspath,debugRuntimeClasspath,debugUnitTestCompileClasspath,debugUnitTestRuntimeClasspath,hiltAnnotationProcessorDebug,kspDebugKotlinProcessorClasspath
androidx.room:room-compiler-processing:2.8.5=_agp_internal_debug_kspClasspath,hiltAnnotationProcessorDebug,kspDebugKotlinProcessorClasspath
androidx.room:room-compiler:2.8.5=_agp_internal_debug_kspClasspath,hiltAnnotationProcessorDebug,kspDebugKotlinProcessorClasspath
androidx.room:room-external-antlr:2.8.5=_agp_internal_debug_kspClasspath,hiltAnnotationProcessorDebug,kspDebugKotlinProcessorClasspath
androidx.room:room-ktx:2.8.5=debugCompileClasspath,debugRuntimeClasspath,debugUnitTestCompileClasspath,debugUnitTestRuntimeClasspath
androidx.room:room-migration-jvm:2.8.5=_agp_internal_debug_kspClasspath,hiltAnnotationProcessorDebug,kspDebugKotlinProcessorClasspath
androidx.room:room-migration:2.8.5=_agp_internal_debug_kspClasspath,hiltAnnotationProcessorDebug,kspDebugKotlinProcessorClasspath
androidx.room:room-runtime-android:2.8.5=debugCompileClasspath,debugRuntimeClasspath,debugUnitTestCompileClasspath,debugUnitTestRuntimeClasspath
androidx.room:room-runtime:2.8.5=debugCompileClasspath,debugRuntimeClasspath,debugUnitTestCompileClasspath,debugUnitTestRuntimeClasspath
androidx.savedstate:savedstate-android:1.5.0=debugCompileClasspath,debugRuntimeClasspath,debugUnitTestCompileClasspath,debugUnitTestRuntimeClasspath
androidx.savedstate:savedstate-compose-android:1.5.0=debugCompileClasspath,debugRuntimeClasspath,debugUnitTestCompileClasspath,debugUnitTestRuntimeClasspath
androidx.savedstate:savedstate-compose:1.5.0=debugCompileClasspath,debugRuntimeClasspath,debugUnitTestCompileClasspath,debugUnitTestRuntimeClasspath
androidx.savedstate:savedstate-ktx:1.5.0=debugCompileClasspath,debugRuntimeClasspath,debugUnitTestCompileClasspath,debugUnitTestRuntimeClasspath
androidx.savedstate:savedstate:1.5.0=debugCompileClasspath,debugRuntimeClasspath,debugUnitTestCompileClasspath,debugUnitTestRuntimeClasspath
androidx.sqlite:sqlite-android:2.6.2=debugCompileClasspath,debugRuntimeClasspath,debugUnitTestCompileClasspath,debugUnitTestRuntimeClasspath
androidx.sqlite:sqlite-framework-android:2.6.2=debugCompileClasspath,debugRuntimeClasspath,debugUnitTestCompileClasspath,debugUnitTestRuntimeClasspath
androidx.sqlite:sqlite-framework:2.6.2=debugCompileClasspath,debugRuntimeClasspath,debugUnitTestCompileClasspath,debugUnitTestRuntimeClasspath
androidx.sqlite:sqlite:2.6.2=debugCompileClasspath,debugRuntimeClasspath,debugUnitTestCompileClasspath,debugUnitTestRuntimeClasspath
androidx.startup:startup-runtime:1.1.1=debugCompileClasspath,debugRuntimeClasspath,debugUnitTestCompileClasspath,debugUnitTestRuntimeClasspath
androidx.test.espresso:espresso-idling-resource:3.7.0=debugUnitTestRuntimeClasspath
androidx.test.ext:junit:1.3.0=debugUnitTestCompileClasspath,debugUnitTestRuntimeClasspath
androidx.test.services:storage:1.6.0=debugUnitTestCompileClasspath,debugUnitTestRuntimeClasspath
androidx.test:core:1.7.0=debugUnitTestCompileClasspath,debugUnitTestRuntimeClasspath
androidx.test:monitor:1.8.0=debugUnitTestCompileClasspath,debugUnitTestRuntimeClasspath
androidx.tracing:tracing-ktx:1.2.0=debugRuntimeClasspath,debugUnitTestRuntimeClasspath
androidx.tracing:tracing:1.1.0=debugUnitTestCompileClasspath
androidx.tracing:tracing:1.2.0=debugRuntimeClasspath,debugUnitTestRuntimeClasspath
androidx.vectordrawable:vectordrawable-animated:1.1.0=debugRuntimeClasspath,debugUnitTestRuntimeClasspath
androidx.vectordrawable:vectordrawable:1.1.0=debugRuntimeClasspath,debugUnitTestRuntimeClasspath
androidx.versionedparcelable:versionedparcelable:1.1.1=debugCompileClasspath,debugRuntimeClasspath,debugUnitTestCompileClasspath,debugUnitTestRuntimeClasspath
androidx.viewpager:viewpager:1.0.0=debugCompileClasspath,debugRuntimeClasspath,debugUnitTestCompileClasspath,debugUnitTestRuntimeClasspath
androidx.window:window-core-android:1.5.0=debugRuntimeClasspath,debugUnitTestRuntimeClasspath
androidx.window:window-core:1.5.0=debugRuntimeClasspath,debugUnitTestRuntimeClasspath
androidx.window:window:1.5.0=debugRuntimeClasspath,debugUnitTestRuntimeClasspath
androidx.work:work-runtime-ktx:2.11.2=debugCompileClasspath,debugRuntimeClasspath,debugUnitTestCompileClasspath,debugUnitTestRuntimeClasspath
androidx.work:work-runtime:2.11.2=debugCompileClasspath,debugRuntimeClasspath,debugUnitTestCompileClasspath,debugUnitTestRuntimeClasspath
app.cash.turbine:turbine-jvm:1.2.1=debugUnitTestCompileClasspath,debugUnitTestRuntimeClasspath
app.cash.turbine:turbine:1.2.1=debugUnitTestCompileClasspath,debugUnitTestRuntimeClasspath
com.almworks.sqlite4java:sqlite4java:1.0.392=debugUnitTestCompileClasspath,debugUnitTestRuntimeClasspath
com.google.accompanist:accompanist-drawablepainter:0.32.0=debugRuntimeClasspath,debugUnitTestRuntimeClasspath
com.google.auto.value:auto-value-annotations:1.11.1=debugUnitTestCompileClasspath,debugUnitTestRuntimeClasspath
com.google.auto.value:auto-value-annotations:1.6.3=_agp_internal_debug_kspClasspath,hiltAnnotationProcessorDebug,kspDebugKotlinProcessorClasspath
com.google.auto:auto-common:1.2.1=_agp_internal_debug_kspClasspath,hiltAnnotationProcessorDebug,kspDebugKotlinProcessorClasspath
com.google.code.findbugs:jsr305:3.0.2=_agp_internal_debug_kspClasspath,debugCompileClasspath,debugRuntimeClasspath,debugUnitTestCompileClasspath,debugUnitTestRuntimeClasspath,hiltAnnotationProcessorDebug,kspDebugKotlinProcessorClasspath
com.google.dagger:dagger-compiler:2.60.1=_agp_internal_debug_kspClasspath,hiltAnnotationProcessorDebug,kspDebugKotlinProcessorClasspath
com.google.dagger:dagger-lint-aar:2.60.1=debugCompileClasspath,debugRuntimeClasspath,debugUnitTestCompileClasspath,debugUnitTestRuntimeClasspath
com.google.dagger:dagger-spi:2.60.1=_agp_internal_debug_kspClasspath,hiltAnnotationProcessorDebug,kspDebugKotlinProcessorClasspath
com.google.dagger:dagger:2.60.1=_agp_internal_debug_kspClasspath,debugCompileClasspath,debugRuntimeClasspath,debugUnitTestCompileClasspath,debugUnitTestRuntimeClasspath,hiltAnnotationProcessorDebug,kspDebugKotlinProcessorClasspath
com.google.dagger:hilt-android-compiler:2.60.1=_agp_internal_debug_kspClasspath,hiltAnnotationProcessorDebug,kspDebugKotlinProcessorClasspath
com.google.dagger:hilt-android:2.60.1=debugCompileClasspath,debugRuntimeClasspath,debugUnitTestCompileClasspath,debugUnitTestRuntimeClasspath
com.google.dagger:hilt-compiler:2.60.1=hiltAnnotationProcessorDebug
com.google.dagger:hilt-core:2.60.1=debugCompileClasspath,debugRuntimeClasspath,debugUnitTestCompileClasspath,debugUnitTestRuntimeClasspath
com.google.devtools.ksp:symbol-processing-api:2.3.12=kotlinCompilerPluginClasspathDebug,kotlinCompilerPluginClasspathDebugUnitTest
com.google.devtools.ksp:symbol-processing-api:2.3.7=_agp_internal_debug_kspClasspath,hiltAnnotationProcessorDebug,kspDebugKotlinProcessorClasspath
com.google.errorprone:error_prone_annotations:2.47.0=_agp_internal_debug_kspClasspath,debugUnitTestCompileClasspath,debugUnitTestRuntimeClasspath,hiltAnnotationProcessorDebug,kspDebugKotlinProcessorClasspath
com.google.googlejavaformat:google-java-format:1.33.0=_agp_internal_debug_kspClasspath,hiltAnnotationProcessorDebug,kspDebugKotlinProcessorClasspath
com.google.guava:failureaccess:1.0.3=_agp_internal_debug_kspClasspath,debugUnitTestCompileClasspath,debugUnitTestRuntimeClasspath,hiltAnnotationProcessorDebug,kspDebugKotlinProcessorClasspath
com.google.guava:guava:33.6.0-jre=_agp_internal_debug_kspClasspath,debugUnitTestCompileClasspath,debugUnitTestRuntimeClasspath,hiltAnnotationProcessorDebug,kspDebugKotlinProcessorClasspath
com.google.guava:listenablefuture:1.0=debugCompileClasspath,debugRuntimeClasspath
com.google.guava:listenablefuture:9999.0-empty-to-avoid-conflict-with-guava=_agp_internal_debug_kspClasspath,debugUnitTestCompileClasspath,debugUnitTestRuntimeClasspath,hiltAnnotationProcessorDebug,kspDebugKotlinProcessorClasspath
com.google.j2objc:j2objc-annotations:3.1=_agp_internal_debug_kspClasspath,debugUnitTestCompileClasspath,debugUnitTestRuntimeClasspath,hiltAnnotationProcessorDebug,kspDebugKotlinProcessorClasspath
com.google.testparameterinjector:test-parameter-injector:1.22=debugUnitTestRuntimeClasspath
com.ibm.icu:icu4j:78.3=debugUnitTestCompileClasspath,debugUnitTestRuntimeClasspath
com.intellij:annotations:12.0=_agp_internal_debug_kspClasspath,hiltAnnotationProcessorDebug,kspDebugKotlinProcessorClasspath
com.patrykandpatrick.vico:compose-android:3.3.1=debugCompileClasspath,debugRuntimeClasspath,debugUnitTestCompileClasspath,debugUnitTestRuntimeClasspath
com.patrykandpatrick.vico:compose-m3-android:3.3.1=debugCompileClasspath,debugRuntimeClasspath,debugUnitTestCompileClasspath,debugUnitTestRuntimeClasspath
com.patrykandpatrick.vico:compose-m3:3.3.1=debugCompileClasspath,debugRuntimeClasspath,debugUnitTestCompileClasspath,debugUnitTestRuntimeClasspath
com.patrykandpatrick.vico:compose:3.3.1=debugCompileClasspath,debugRuntimeClasspath,debugUnitTestCompileClasspath,debugUnitTestRuntimeClasspath
com.squareup.okhttp3:okhttp:4.12.0=debugCompileClasspath,debugRuntimeClasspath,debugUnitTestCompileClasspath,debugUnitTestRuntimeClasspath
com.squareup.okio:okio-jvm:3.9.0=debugCompileClasspath,debugRuntimeClasspath,debugUnitTestCompileClasspath,debugUnitTestRuntimeClasspath
com.squareup.okio:okio:3.9.0=debugCompileClasspath,debugRuntimeClasspath,debugUnitTestCompileClasspath,debugUnitTestRuntimeClasspath
com.squareup:javapoet:1.13.0=_agp_internal_debug_kspClasspath,hiltAnnotationProcessorDebug,kspDebugKotlinProcessorClasspath
com.squareup:kotlinpoet-javapoet:2.0.0=_agp_internal_debug_kspClasspath,hiltAnnotationProcessorDebug,kspDebugKotlinProcessorClasspath
com.squareup:kotlinpoet-jvm:2.0.0=_agp_internal_debug_kspClasspath,hiltAnnotationProcessorDebug,kspDebugKotlinProcessorClasspath
com.squareup:kotlinpoet:2.0.0=_agp_internal_debug_kspClasspath,hiltAnnotationProcessorDebug,kspDebugKotlinProcessorClasspath
commons-codec:commons-codec:1.15=_agp_internal_debug_kspClasspath,hiltAnnotationProcessorDebug,kspDebugKotlinProcessorClasspath
io.coil-kt:coil-base:2.7.0=debugCompileClasspath,debugRuntimeClasspath,debugUnitTestCompileClasspath,debugUnitTestRuntimeClasspath
io.coil-kt:coil-compose-base:2.7.0=debugCompileClasspath,debugRuntimeClasspath,debugUnitTestCompileClasspath,debugUnitTestRuntimeClasspath
io.coil-kt:coil-compose:2.7.0=debugCompileClasspath,debugRuntimeClasspath,debugUnitTestCompileClasspath,debugUnitTestRuntimeClasspath
io.coil-kt:coil:2.7.0=debugCompileClasspath,debugRuntimeClasspath,debugUnitTestCompileClasspath,debugUnitTestRuntimeClasspath
jakarta.inject:jakarta.inject-api:2.0.1=_agp_internal_debug_kspClasspath,debugCompileClasspath,debugRuntimeClasspath,debugUnitTestCompileClasspath,debugUnitTestRuntimeClasspath,hiltAnnotationProcessorDebug,kspDebugKotlinProcessorClasspath
javax.annotation:javax.annotation-api:1.3.2=debugUnitTestCompileClasspath,debugUnitTestRuntimeClasspath
javax.inject:javax.inject:1=_agp_internal_debug_kspClasspath,debugCompileClasspath,debugRuntimeClasspath,debugUnitTestCompileClasspath,debugUnitTestRuntimeClasspath,hiltAnnotationProcessorDebug,kspDebugKotlinProcessorClasspath
junit:junit:4.13.2=debugUnitTestCompileClasspath,debugUnitTestRuntimeClasspath
net.ltgt.gradle.incap:incap:0.2=_agp_internal_debug_kspClasspath,hiltAnnotationProcessorDebug,kspDebugKotlinProcessorClasspath
org.bouncycastle:bc-jdk18on-bom:1.85=debugUnitTestCompileClasspath,debugUnitTestRuntimeClasspath
org.bouncycastle:bcprov-jdk18on:1.85=debugUnitTestCompileClasspath,debugUnitTestRuntimeClasspath
org.checkerframework:checker-compat-qual:2.5.3=_agp_internal_debug_kspClasspath,hiltAnnotationProcessorDebug,kspDebugKotlinProcessorClasspath
org.conscrypt:conscrypt-openjdk-uber:2.6.2=debugUnitTestRuntimeClasspath
org.hamcrest:hamcrest-core:1.3=debugUnitTestCompileClasspath,debugUnitTestRuntimeClasspath
org.jetbrains.androidx.lifecycle:lifecycle-common:2.9.6=debugRuntimeClasspath,debugUnitTestRuntimeClasspath
org.jetbrains.androidx.lifecycle:lifecycle-runtime-compose:2.9.6=debugRuntimeClasspath,debugUnitTestRuntimeClasspath
org.jetbrains.androidx.lifecycle:lifecycle-runtime:2.9.6=debugRuntimeClasspath,debugUnitTestRuntimeClasspath
org.jetbrains.androidx.savedstate:savedstate-compose:1.3.6=debugRuntimeClasspath,debugUnitTestRuntimeClasspath
org.jetbrains.androidx.savedstate:savedstate:1.3.6=debugRuntimeClasspath,debugUnitTestRuntimeClasspath
org.jetbrains.compose.animation:animation-android:1.12.0=debugRuntimeClasspath,debugUnitTestRuntimeClasspath
org.jetbrains.compose.animation:animation-core-android:1.12.0=debugRuntimeClasspath,debugUnitTestRuntimeClasspath
org.jetbrains.compose.animation:animation-core:1.12.0=debugRuntimeClasspath,debugUnitTestRuntimeClasspath
org.jetbrains.compose.animation:animation:1.12.0=debugRuntimeClasspath,debugUnitTestRuntimeClasspath
org.jetbrains.compose.annotation-internal:annotation:1.9.1=debugRuntimeClasspath,debugUnitTestRuntimeClasspath
org.jetbrains.compose.collection-internal:collection:1.9.1=debugRuntimeClasspath,debugUnitTestRuntimeClasspath
org.jetbrains.compose.foundation:foundation-android:1.12.0=debugRuntimeClasspath,debugUnitTestRuntimeClasspath
org.jetbrains.compose.foundation:foundation-layout-android:1.12.0=debugRuntimeClasspath,debugUnitTestRuntimeClasspath
org.jetbrains.compose.foundation:foundation-layout:1.12.0=debugRuntimeClasspath,debugUnitTestRuntimeClasspath
org.jetbrains.compose.foundation:foundation:1.12.0=debugRuntimeClasspath,debugUnitTestRuntimeClasspath
org.jetbrains.compose.material3:material3:1.9.0=debugRuntimeClasspath,debugUnitTestRuntimeClasspath
org.jetbrains.compose.material:material-ripple:1.9.1=debugRuntimeClasspath,debugUnitTestRuntimeClasspath
org.jetbrains.compose.runtime:runtime-android:1.12.0=debugRuntimeClasspath,debugUnitTestRuntimeClasspath
org.jetbrains.compose.runtime:runtime-saveable-android:1.12.0=debugRuntimeClasspath,debugUnitTestRuntimeClasspath
org.jetbrains.compose.runtime:runtime-saveable:1.12.0=debugRuntimeClasspath,debugUnitTestRuntimeClasspath
org.jetbrains.compose.runtime:runtime:1.12.0=debugRuntimeClasspath,debugUnitTestRuntimeClasspath
org.jetbrains.compose.ui:ui-android:1.12.0=debugRuntimeClasspath,debugUnitTestRuntimeClasspath
org.jetbrains.compose.ui:ui-backhandler-android:1.12.0=debugRuntimeClasspath,debugUnitTestRuntimeClasspath
org.jetbrains.compose.ui:ui-backhandler:1.12.0=debugRuntimeClasspath,debugUnitTestRuntimeClasspath
org.jetbrains.compose.ui:ui-geometry-android:1.12.0=debugRuntimeClasspath,debugUnitTestRuntimeClasspath
org.jetbrains.compose.ui:ui-geometry:1.12.0=debugRuntimeClasspath,debugUnitTestRuntimeClasspath
org.jetbrains.compose.ui:ui-graphics-android:1.12.0=debugRuntimeClasspath,debugUnitTestRuntimeClasspath
org.jetbrains.compose.ui:ui-graphics:1.12.0=debugRuntimeClasspath,debugUnitTestRuntimeClasspath
org.jetbrains.compose.ui:ui-text-android:1.12.0=debugRuntimeClasspath,debugUnitTestRuntimeClasspath
org.jetbrains.compose.ui:ui-text:1.12.0=debugRuntimeClasspath,debugUnitTestRuntimeClasspath
org.jetbrains.compose.ui:ui-unit-android:1.12.0=debugRuntimeClasspath,debugUnitTestRuntimeClasspath
org.jetbrains.compose.ui:ui-unit:1.12.0=debugRuntimeClasspath,debugUnitTestRuntimeClasspath
org.jetbrains.compose.ui:ui-util-android:1.12.0=debugRuntimeClasspath,debugUnitTestRuntimeClasspath
org.jetbrains.compose.ui:ui-util:1.12.0=debugRuntimeClasspath,debugUnitTestRuntimeClasspath
org.jetbrains.compose.ui:ui:1.12.0=debugRuntimeClasspath,debugUnitTestRuntimeClasspath
org.jetbrains.kotlin:kotlin-build-tools-api:2.4.20=kotlinBuildToolsApiClasspath
org.jetbrains.kotlin:kotlin-build-tools-compat:2.4.20=kotlinBuildToolsApiClasspath
org.jetbrains.kotlin:kotlin-build-tools-cri-impl:2.4.20=kotlinBuildToolsApiClasspath
org.jetbrains.kotlin:kotlin-build-tools-impl:2.4.20=kotlinBuildToolsApiClasspath
org.jetbrains.kotlin:kotlin-compiler-embeddable:2.4.20=kotlinBuildToolsApiClasspath
org.jetbrains.kotlin:kotlin-compiler-runner:2.4.20=kotlinBuildToolsApiClasspath
org.jetbrains.kotlin:kotlin-compose-compiler-plugin-embeddable:2.4.20=kotlin-extension,kotlinCompilerPluginClasspathDebug,kotlinCompilerPluginClasspathDebugUnitTest
org.jetbrains.kotlin:kotlin-daemon-client:2.4.20=kotlinBuildToolsApiClasspath
org.jetbrains.kotlin:kotlin-daemon-embeddable:2.4.20=kotlinBuildToolsApiClasspath
org.jetbrains.kotlin:kotlin-metadata-jvm:2.3.21=_agp_internal_debug_kspClasspath,hiltAnnotationProcessorDebug,kspDebugKotlinProcessorClasspath
org.jetbrains.kotlin:kotlin-reflect:1.6.10=kotlinBuildToolsApiClasspath
org.jetbrains.kotlin:kotlin-reflect:2.0.10=_agp_internal_debug_kspClasspath,hiltAnnotationProcessorDebug,kspDebugKotlinProcessorClasspath
org.jetbrains.kotlin:kotlin-script-runtime:2.4.20=kotlinBuildToolsApiClasspath
org.jetbrains.kotlin:kotlin-stdlib-jdk7:1.8.21=debugCompileClasspath,debugUnitTestCompileClasspath
org.jetbrains.kotlin:kotlin-stdlib-jdk7:1.9.0=debugRuntimeClasspath,debugUnitTestRuntimeClasspath
org.jetbrains.kotlin:kotlin-stdlib-jdk8:1.8.21=debugCompileClasspath,debugUnitTestCompileClasspath
org.jetbrains.kotlin:kotlin-stdlib-jdk8:1.9.0=debugRuntimeClasspath,debugUnitTestRuntimeClasspath
org.jetbrains.kotlin:kotlin-stdlib:2.3.20=kotlinCompilerPluginClasspathDebug,kotlinCompilerPluginClasspathDebugUnitTest
org.jetbrains.kotlin:kotlin-stdlib:2.3.21=_agp_internal_debug_kspClasspath,hiltAnnotationProcessorDebug,kspDebugKotlinProcessorClasspath
org.jetbrains.kotlin:kotlin-stdlib:2.4.20=debugCompileClasspath,debugRuntimeClasspath,debugUnitTestCompileClasspath,debugUnitTestRuntimeClasspath,kotlinBuildToolsApiClasspath
org.jetbrains.kotlin:kotlin-test:2.4.20=debugUnitTestCompileClasspath,debugUnitTestRuntimeClasspath
org.jetbrains.kotlin:kotlin-tooling-core:2.4.20=kotlinBuildToolsApiClasspath
org.jetbrains.kotlinx:kotlinx-coroutines-android:1.11.0=debugCompileClasspath,debugRuntimeClasspath,debugUnitTestCompileClasspath,debugUnitTestRuntimeClasspath
org.jetbrains.kotlinx:kotlinx-coroutines-bom:1.11.0=debugCompileClasspath,debugRuntimeClasspath,debugUnitTestCompileClasspath,debugUnitTestRuntimeClasspath
org.jetbrains.kotlinx:kotlinx-coroutines-core-jvm:1.11.0=debugCompileClasspath,debugRuntimeClasspath,debugUnitTestCompileClasspath,debugUnitTestRuntimeClasspath
org.jetbrains.kotlinx:kotlinx-coroutines-core-jvm:1.8.0=kotlinBuildToolsApiClasspath
org.jetbrains.kotlinx:kotlinx-coroutines-core:1.11.0=debugCompileClasspath,debugRuntimeClasspath,debugUnitTestCompileClasspath,debugUnitTestRuntimeClasspath
org.jetbrains.kotlinx:kotlinx-coroutines-test-jvm:1.11.0=debugUnitTestCompileClasspath,debugUnitTestRuntimeClasspath
org.jetbrains.kotlinx:kotlinx-coroutines-test:1.11.0=debugUnitTestCompileClasspath,debugUnitTestRuntimeClasspath
org.jetbrains.kotlinx:kotlinx-serialization-bom:1.11.0=debugCompileClasspath,debugRuntimeClasspath,debugUnitTestCompileClasspath,debugUnitTestRuntimeClasspath
org.jetbrains.kotlinx:kotlinx-serialization-bom:1.8.1=_agp_internal_debug_kspClasspath,hiltAnnotationProcessorDebug,kspDebugKotlinProcessorClasspath
org.jetbrains.kotlinx:kotlinx-serialization-core-jvm:1.11.0=debugCompileClasspath,debugRuntimeClasspath,debugUnitTestCompileClasspath,debugUnitTestRuntimeClasspath
org.jetbrains.kotlinx:kotlinx-serialization-core-jvm:1.8.1=_agp_internal_debug_kspClasspath,hiltAnnotationProcessorDebug,kspDebugKotlinProcessorClasspath
org.jetbrains.kotlinx:kotlinx-serialization-core:1.11.0=debugCompileClasspath,debugRuntimeClasspath,debugUnitTestCompileClasspath,debugUnitTestRuntimeClasspath
org.jetbrains.kotlinx:kotlinx-serialization-core:1.8.1=_agp_internal_debug_kspClasspath,hiltAnnotationProcessorDebug,kspDebugKotlinProcessorClasspath
org.jetbrains.kotlinx:kotlinx-serialization-json-jvm:1.11.0=debugCompileClasspath,debugRuntimeClasspath,debugUnitTestCompileClasspath,debugUnitTestRuntimeClasspath
org.jetbrains.kotlinx:kotlinx-serialization-json-jvm:1.8.1=_agp_internal_debug_kspClasspath,hiltAnnotationProcessorDebug,kspDebugKotlinProcessorClasspath
org.jetbrains.kotlinx:kotlinx-serialization-json:1.11.0=debugCompileClasspath,debugRuntimeClasspath,debugUnitTestCompileClasspath,debugUnitTestRuntimeClasspath
org.jetbrains.kotlinx:kotlinx-serialization-json:1.8.1=_agp_internal_debug_kspClasspath,hiltAnnotationProcessorDebug,kspDebugKotlinProcessorClasspath
org.jetbrains:annotations:13.0=_agp_internal_debug_kspClasspath,hiltAnnotationProcessorDebug,kotlinBuildToolsApiClasspath,kotlinCompilerPluginClasspathDebug,kotlinCompilerPluginClasspathDebugUnitTest,kspDebugKotlinProcessorClasspath
org.jetbrains:annotations:23.0.0=debugCompileClasspath,debugRuntimeClasspath,debugUnitTestCompileClasspath,debugUnitTestRuntimeClasspath
org.jspecify:jspecify:1.0.0=_agp_internal_debug_kspClasspath,debugCompileClasspath,debugRuntimeClasspath,debugUnitTestCompileClasspath,debugUnitTestRuntimeClasspath,hiltAnnotationProcessorDebug,kspDebugKotlinProcessorClasspath
org.ow2.asm:asm-commons:9.10.1=debugUnitTestCompileClasspath,debugUnitTestRuntimeClasspath
org.ow2.asm:asm-tree:9.10.1=debugUnitTestCompileClasspath,debugUnitTestRuntimeClasspath
org.ow2.asm:asm:9.10.1=debugUnitTestCompileClasspath,debugUnitTestRuntimeClasspath
org.robolectric:annotations:4.17=debugUnitTestCompileClasspath,debugUnitTestRuntimeClasspath
org.robolectric:junit:4.17=debugUnitTestCompileClasspath,debugUnitTestRuntimeClasspath
org.robolectric:nativeruntime-dist-compat:1.0.19=debugUnitTestRuntimeClasspath
org.robolectric:nativeruntime:4.17=debugUnitTestCompileClasspath,debugUnitTestRuntimeClasspath
org.robolectric:pluginapi:4.17=debugUnitTestCompileClasspath,debugUnitTestRuntimeClasspath
org.robolectric:plugins-maven-dependency-resolver:4.17=debugUnitTestCompileClasspath,debugUnitTestRuntimeClasspath
org.robolectric:resources:4.17=debugUnitTestCompileClasspath,debugUnitTestRuntimeClasspath
org.robolectric:robolectric:4.17=debugUnitTestCompileClasspath,debugUnitTestRuntimeClasspath
org.robolectric:sandbox:4.17=debugUnitTestCompileClasspath,debugUnitTestRuntimeClasspath
org.robolectric:shadowapi:4.17=debugUnitTestCompileClasspath,debugUnitTestRuntimeClasspath
org.robolectric:shadows-framework:4.17=debugUnitTestCompileClasspath,debugUnitTestRuntimeClasspath
org.robolectric:utils-reflector:4.17=debugUnitTestCompileClasspath,debugUnitTestRuntimeClasspath
org.robolectric:utils:4.17=debugUnitTestCompileClasspath,debugUnitTestRuntimeClasspath
org.xerial:sqlite-jdbc:3.41.2.2=_agp_internal_debug_kspClasspath,hiltAnnotationProcessorDebug,kspDebugKotlinProcessorClasspath
org.yaml:snakeyaml:2.6=debugUnitTestRuntimeClasspath
empty=_agp_internal_debugUnitTest_kspClasspath,androidApis,androidJdkImage,debugAnnotationProcessorClasspath,debugReverseMetadataValues,debugUnitTestAnnotationProcessorClasspath,hiltCompileOnlyDebug,hiltCompileOnlyDebugUnitTest,kotlinCompilerPluginClasspath,kspDebugUnitTestKotlinProcessorClasspath
